
Microsoft Visual Studio Solution File, Format Version 12.00
# Visual Studio Version 18
VisualStudioVersion = 18.5.11716.220
MinimumVisualStudioVersion = 10.0.40219.1
Project("{FAE04EC0-301F-11D3-BF4B-00C04F79EFBC}") = "BaldiShootCore", "BaldiShootCore\BaldiShootCore.csproj", "{91285259-D7A4-1E1F-B780-89578C10085D}"
EndProject
Project("{FAE04EC0-301F-11D3-BF4B-00C04F79EFBC}") = "BaldiShootTexturePack", "BaldiShootTexturePack\BaldiShootTexturePack\BaldiShootTexturePack.csproj", "{9B5BAC90-D258-4358-9826-7C399141256A}"
EndProject
Global
	GlobalSection(SolutionConfigurationPlatforms) = preSolution
		Debug|Any CPU = Debug|Any CPU
		Release|Any CPU = Release|Any CPU
	EndGlobalSection
	GlobalSection(ProjectConfigurationPlatforms) = postSolution
		{91285259-D7A4-1E1F-B780-89578C10085D}.Debug|Any CPU.ActiveCfg = Debug|Any CPU
		{91285259-D7A4-1E1F-B780-89578C10085D}.Debug|Any CPU.Build.0 = Debug|Any CPU
		{91285259-D7A4-1E1F-B780-89578C10085D}.Release|Any CPU.ActiveCfg = Release|Any CPU
		{91285259-D7A4-1E1F-B780-89578C10085D}.Release|Any CPU.Build.0 = Release|Any CPU
		{9B5BAC90-D258-4358-9826-7C399141256A}.Debug|Any CPU.ActiveCfg = Debug|Any CPU
		{9B5BAC90-D258-4358-9826-7C399141256A}.Debug|Any CPU.Build.0 = Debug|Any CPU
		{9B5BAC90-D258-4358-9826-7C399141256A}.Release|Any CPU.ActiveCfg = Release|Any CPU
		{9B5BAC90-D258-4358-9826-7C399141256A}.Release|Any CPU.Build.0 = Release|Any CPU
	EndGlobalSection
	GlobalSection(SolutionProperties) = preSolution
		HideSolutionNode = FALSE
	EndGlobalSection
	GlobalSection(ExtensibilityGlobals) = postSolution
		SolutionGuid = {B9786EE7-6F77-40F2-8181-8ABB8192E9FD}
	EndGlobalSection
EndGlobal
